# THIS IS AN AUTOGENERATED FILE. DO NOT EDIT THIS FILE DIRECTLY.
# yarn lockfile v1
alce@1.0.0:
  version "1.0.0"
  resolved "https://registry.yarnpkg.com/alce/-/alce-1.0.0.tgz#426184c98ee288d0eeac77fd63fed680b667cab6"
  dependencies:
    esprima "~1.0.4"
    estraverse "~1.3.0"

colors@*:
  version "1.1.2"
  resolved "https://registry.yarnpkg.com/colors/-/colors-1.1.2.tgz#168a4701756b6a7f51a12ce0c97bfa28c084ed63"

deep-extend@~0.2.5:
  version "0.2.11"
  resolved "https://registry.yarnpkg.com/deep-extend/-/deep-extend-0.2.11.tgz#7a16ba69729132340506170494bc83f7076fe08f"

esprima@~1.0.4:
  version "1.0.4"
  resolved "https://registry.yarnpkg.com/esprima/-/esprima-1.0.4.tgz#9f557e08fc3b4d26ece9dd34f8fbf476b62585ad"

estraverse@~1.3.0:
  version "1.3.2"
  resolved "https://registry.yarnpkg.com/estraverse/-/estraverse-1.3.2.tgz#37c2b893ef13d723f276d878d60d8535152a6c42"

extend-object@^1.0.0:
  version "1.0.0"
  resolved "https://registry.yarnpkg.com/extend-object/-/extend-object-1.0.0.tgz#42514f84015d1356caf5187969dfb2bc1bda0823"

fixpack:
  version "2.3.1"
  resolved "https://registry.yarnpkg.com/fixpack/-/fixpack-2.3.1.tgz#53f03d88aab7d5123259282f0088a9a3b19836c2"
  dependencies:
    alce "1.0.0"
    colors "*"
    extend-object "^1.0.0"
    rc "^0.6.0"

ini@~1.3.0:
  version "1.3.4"
  resolved "https://registry.yarnpkg.com/ini/-/ini-1.3.4.tgz#0537cb79daf59b59a1a517dff706c86ec039162e"

minimist@~0.0.7:
  version "0.0.10"
  resolved "https://registry.yarnpkg.com/minimist/-/minimist-0.0.10.tgz#de3f98543dbf96082be48ad1a0c7cda836301dcf"

rc@^0.6.0:
  version "0.6.0"
  resolved "https://registry.yarnpkg.com/rc/-/rc-0.6.0.tgz#e1c930059af831c85413fe275ae2f40f4e3c5371"
  dependencies:
    deep-extend "~0.2.5"
    ini "~1.3.0"
    minimist "~0.0.7"
    strip-json-comments "0.1.x"

strip-json-comments@0.1.x:
  version "0.1.3"
  resolved "https://registry.yarnpkg.com/strip-json-comments/-/strip-json-comments-0.1.3.tgz#164c64e370a8a3cc00c9e01b539e569823f0ee54"

